
Microsoft Visual Studio Solution File, Format Version 12.00
# Visual Studio Version 16
VisualStudioVersion = 16.0.31624.102
MinimumVisualStudioVersion = 10.0.40219.1
Project("{FAE04EC0-301F-11D3-BF4B-00C04F79EFBC}") = "FileTest", "FileTest\FileTest.csproj", "{2D7681AA-8C0E-4C62-8C26-4CE5CD761CD3}"
EndProject
Global
	GlobalSection(SolutionConfigurationPlatforms) = preSolution
		Debug|Any CPU = Debug|Any CPU
		Release|Any CPU = Release|Any CPU
	EndGlobalSection
	GlobalSection(ProjectConfigurationPlatforms) = postSolution
		{2D7681AA-8C0E-4C62-8C26-4CE5CD761CD3}.Debug|Any CPU.ActiveCfg = Debug|Any CPU
		{2D7681AA-8C0E-4C62-8C26-4CE5CD761CD3}.Debug|Any CPU.Build.0 = Debug|Any CPU
		{2D7681AA-8C0E-4C62-8C26-4CE5CD761CD3}.Release|Any CPU.ActiveCfg = Release|Any CPU
		{2D7681AA-8C0E-4C62-8C26-4CE5CD761CD3}.Release|Any CPU.Build.0 = Release|Any CPU
	EndGlobalSection
	GlobalSection(SolutionProperties) = preSolution
		HideSolutionNode = FALSE
	EndGlobalSection
	GlobalSection(ExtensibilityGlobals) = postSolution
		SolutionGuid = {D9DE80CD-834C-420D-9F5A-38EB8B10147A}
	EndGlobalSection
EndGlobal
